# THIS IS AN AUTOGENERATED FILE. DO NOT EDIT THIS FILE DIRECTLY.
# yarn lockfile v1


"@pixi/accessibility@6.2.1":
  version "6.2.1"
  resolved "https://registry.yarnpkg.com/@pixi/accessibility/-/accessibility-6.2.1.tgz#30935541843244865f0977da846e5d9851fce6b2"
  integrity sha512-zXgXx3BostasR69a68BDGVMEjL5CWBct+LtongU1T8HgdXbu2BPaZ/Z679pMj23+5oAR0mUeoH7qTTyRQ2kS3g==

"@pixi/app@6.2.1":
  version "6.2.1"
  resolved "https://registry.yarnpkg.com/@pixi/app/-/app-6.2.1.tgz#3caec8530fe5b80d8c2d47a84249c11f89ed3281"
  integrity sha512-J1dlu4PTF6O9WfHKTs0pg3NSePW2+8M2yMrivR7R/Z3CmmebnRiquua7U/avQXkLVJBwGdSyij2e6fN8dvnUXw==

"@pixi/compressed-textures@6.2.1":
  version "6.2.1"
  resolved "https://registry.yarnpkg.com/@pixi/compressed-textures/-/compressed-textures-6.2.1.tgz#5f64f542c8a8cde99feee9e53aa2e3675554cf9b"
  integrity sha512-ZtmitA5ClIBqBo/dR1pd2n/y/xxOC+UKAj1S04FZiXaekYjmcsPUKxbq2Mgp8Qk2PBdz98HSQ4/xOGAYBMWrdQ==

"@pixi/constants@6.2.1":
  version "6.2.1"
  resolved "https://registry.yarnpkg.com/@pixi/constants/-/constants-6.2.1.tgz#950ea81c69bdbc220a0b548eb48742c35a6a08ab"
  integrity sha512-Dppt6rjYP4mIvJCY1I38XhPSfXoOm+A+ERKljLjcvcxVAMhqCTVz3YMp2cUzaio6DtQutiQ6tT06M40xlBZ/lA==

"@pixi/core@6.2.1":
  version "6.2.1"
  resolved "https://registry.yarnpkg.com/@pixi/core/-/core-6.2.1.tgz#c6a4d750ff059cb5a78aa85202cceda8a452fcf5"
  integrity sha512-Ndh4/sNXWEkDeU5waWBCsMMPPaQv5uXLyepPXJE0emHBtgJOjKEHa79hrr0p1I2KN7Q8+mw8WlK55yVGuHroIA==

"@pixi/display@6.2.1":
  version "6.2.1"
  resolved "https://registry.yarnpkg.com/@pixi/display/-/display-6.2.1.tgz#f2859ac5e5fd98f5049f089af8a0654d6702162e"
  integrity sha512-4taHTgQeAWXrxB4WV0CsyarFEVuI8seKU+12S57c8nQGRYESfDUx4jFatWfgMHY2xCNwCdPTCvlSJzT5ou8VWA==

"@pixi/extract@6.2.1":
  version "6.2.1"
  resolved "https://registry.yarnpkg.com/@pixi/extract/-/extract-6.2.1.tgz#23cce92537ea45e1d6af381521f6f8bb4ed53f75"
  integrity sha512-11MTxqXaZlsYRf9QumEDqZXoTb2RlIwpL42k7CnY7ycP+pu8TV+HB5NfLzFltCjnzXuBbl0/bz8eYeU5cSlVkA==

"@pixi/filter-alpha@6.2.1":
  version "6.2.1"
  resolved "https://registry.yarnpkg.com/@pixi/filter-alpha/-/filter-alpha-6.2.1.tgz#86ef8588177b5f4b88791782342ef0846fff2ab4"
  integrity sha512-f/xSY+T9JnpzrtB2F1EOsGr6urgln6Wdr/NQgVk13L/g8jrM/PhMlbDsodEwf5IL/2xRjAFwYjCFMgzWVXALkw==

"@pixi/filter-blur@6.2.1":
  version "6.2.1"
  resolved "https://registry.yarnpkg.com/@pixi/filter-blur/-/filter-blur-6.2.1.tgz#c7a1360a3759b7507dff3caa5ef7aedc35d14fb9"
  integrity sha512-5pIcdL4u5WAwGHsI8uNovb4iK50l+7Dz1ZIwuwbkGU8Xoti/dzeox4bgywnXPq+yN33/Ty0nwd7VYuHmaNl/Rw==

"@pixi/filter-color-matrix@6.2.1":
  version "6.2.1"
  resolved "https://registry.yarnpkg.com/@pixi/filter-color-matrix/-/filter-color-matrix-6.2.1.tgz#ae3e34606f86ccb0e559fde663d8c17d34cc3ca9"
  integrity sha512-f3yyaruhr8lAVv13YpMb5L4yolvuTygq05CvM3OIFK+dP5bYar2cajGc1Zu0bR3VGF03N8JeHxCUwfMwV7V7AA==

"@pixi/filter-displacement@6.2.1":
  version "6.2.1"
  resolved "https://registry.yarnpkg.com/@pixi/filter-displacement/-/filter-displacement-6.2.1.tgz#f178b54c870b75df4b0a8bc8b057e90fe4c7c500"
  integrity sha512-o/MjC3tz1y3qZwf22FThGSqfn+zN5bMaBoXn+xSfCqC48thg9vgl2REq0jerDDMVSMW8vUvBUARfT+Wfm3SMDw==

"@pixi/filter-fxaa@6.2.1":
  version "6.2.1"
  resolved "https://registry.yarnpkg.com/@pixi/filter-fxaa/-/filter-fxaa-6.2.1.tgz#15c2c92e41e56336d28b53bd2845b96018189e7b"
  integrity sha512-mIiAhBBDrOOPm1UF4isp7ti3d0y1y0xIZJnYbi15/Stmi1EQsMckDKg+V5uq9qbSm1jP3KoYq9dd7Oz/lr9srw==

"@pixi/filter-noise@6.2.1":
  version "6.2.1"
  resolved "https://registry.yarnpkg.com/@pixi/filter-noise/-/filter-noise-6.2.1.tgz#aae2a66eced6179c0e883f6e5db546e786bdd154"
  integrity sha512-jDIKo65p1VbqfUKuvb9UaNWaL4SRoc0SMYUwhSJcPjaWKv5bl7Ifqa6b/iQ31ZGHZGSot2ypwFeBiZLG1ndInQ==

"@pixi/graphics@6.2.1":
  version "6.2.1"
  resolved "https://registry.yarnpkg.com/@pixi/graphics/-/graphics-6.2.1.tgz#ded5248b7a7e64f0f225008493fdc126ef63a928"
  integrity sha512-/MQREXYx+/glVAQLyNTLnd9+C1Bktm/F1XDzu5swDQSRH2Fo1rCh3mPw0dmJmrWrOOpBTO2+W7Kgm6NkENw9qA==

"@pixi/interaction@6.2.1":
  version "6.2.1"
  resolved "https://registry.yarnpkg.com/@pixi/interaction/-/interaction-6.2.1.tgz#2d3ef012a15aff8af7c5b5c1d1983778983147b4"
  integrity sha512-WsubcDQt447+JtDhDHNfkmkEah4Ytry5WYIKbUZSvBdIc9LVXHPLQ+gM4mKkprEV8ZsQb6H/NbmtIKxjxHGYvw==

"@pixi/loaders@6.2.1":
  version "6.2.1"
  resolved "https://registry.yarnpkg.com/@pixi/loaders/-/loaders-6.2.1.tgz#ce956e343a9684d3789886fe06ec4610bda5c002"
  integrity sha512-UB1uYb3HL4uN1q+w916DNLIZzz7gkg3p4QQRmBXq08Dnj8DWCghPRAfTGfCu3ORqYqEwSaZ+ulLT+SRfHryvyQ==

"@pixi/math@6.2.1":
  version "6.2.1"
  resolved "https://registry.yarnpkg.com/@pixi/math/-/math-6.2.1.tgz#86a4c1d25ea6c03f9b4d3ec33bc925151f61b7e5"
  integrity sha512-ejAHHbJSRtAhpFVFOQ4niavCDkjISWBxjFQoqznManDZKXBH0vf8EQBWSth5Cp9wXXAG0mAt4gzlwYXEf7Axkg==

"@pixi/mesh-extras@6.2.1":
  version "6.2.1"
  resolved "https://registry.yarnpkg.com/@pixi/mesh-extras/-/mesh-extras-6.2.1.tgz#5fa199f78f0f04fabde789418d967d6780bb7008"
  integrity sha512-mgIRiW4W5aOI1lDawNBTNsDZAy+qBGwwBgYsvRqjqOK6cxQ2pnDSEvphK3k2k+Qk2zUBFzqIxSWcG9EWnDQf2Q==

"@pixi/mesh@6.2.1":
  version "6.2.1"
  resolved "https://registry.yarnpkg.com/@pixi/mesh/-/mesh-6.2.1.tgz#d575532e88a4619aede866a4befd0732c21fe914"
  integrity sha512-ekLhRxk6g8sVwrEj3xtVNmyCoCgKSIlqVYL26a2QWYAllWeP1FZiCmBJGk6FAXlIrzG76+aymiUVH35pD1gZvw==

"@pixi/mixin-cache-as-bitmap@6.2.1":
  version "6.2.1"
  resolved "https://registry.yarnpkg.com/@pixi/mixin-cache-as-bitmap/-/mixin-cache-as-bitmap-6.2.1.tgz#92a7a87166bcbd252ac8048d17239992204fc969"
  integrity sha512-+KsDxCrlvWK2S4ExaKMWFp5RPiFxbBZS2rQ3yrA5GTUC4uZUWm3QptVjHmWb1kjgD5l/QOGF40ZFTu8FfqXtlg==

"@pixi/mixin-get-child-by-name@6.2.1":
  version "6.2.1"
  resolved "https://registry.yarnpkg.com/@pixi/mixin-get-child-by-name/-/mixin-get-child-by-name-6.2.1.tgz#4e202d787268c2b405bee3a973d73f7f1c1880a1"
  integrity sha512-Osrydgec/Zqu1rxz3wJlNH8qe3a8qyOC6dvzS0QlU6gIe7EUfqFSKSCsnht8zDFTNOBPL/hzG1JKDWTOBqRj8g==

"@pixi/mixin-get-global-position@6.2.1":
  version "6.2.1"
  resolved "https://registry.yarnpkg.com/@pixi/mixin-get-global-position/-/mixin-get-global-position-6.2.1.tgz#ca3ebf24b24b3189b2ecc5e2bd09e1582e97e397"
  integrity sha512-3W5u3b5A4U6glUMPal1/8vug5gs5CIlum9K30VnNQ2Q2bC4mZ6CEBHVIN6pG7ekg3E7xbLwp/WlZM9wZ1yr7ng==

"@pixi/particle-container@6.2.1":
  version "6.2.1"
  resolved "https://registry.yarnpkg.com/@pixi/particle-container/-/particle-container-6.2.1.tgz#ae227fb6f7de9b9275b78a17d634887c37724e48"
  integrity sha512-uk8erald8eGiucE0336YTIOS4e1HkSYc8ZYkJnCfxEPcOSMyPEmInI+kWtq0IHa1icX9G4zZRh9rj3vCfCLY+A==

"@pixi/polyfill@6.2.1":
  version "6.2.1"
  resolved "https://registry.yarnpkg.com/@pixi/polyfill/-/polyfill-6.2.1.tgz#06d171fc4d06cfcbfb136726137c9c98cda9a0da"
  integrity sha512-t7xHLTq3L1FBWT65LR+L1rTjqFq6yDAS+07cG4GCp1TrjcBGV4RGNuB4VhlQOsxVJIhzzEry+3TQt6/EenQ5TQ==
  dependencies:
    object-assign "^4.1.1"
    promise-polyfill "^8.2.0"

"@pixi/prepare@6.2.1":
  version "6.2.1"
  resolved "https://registry.yarnpkg.com/@pixi/prepare/-/prepare-6.2.1.tgz#11dbece209abfba0ff9acd29801954633dfd1432"
  integrity sha512-SsNnZilq0gikrO/LjL+gEaUzmrFpkNeROgyfT6Pa3l2HWqG4eoU+iPxSH3f0WshYyZPLF793ryFut9tSJKLCSw==

"@pixi/runner@6.2.1":
  version "6.2.1"
  resolved "https://registry.yarnpkg.com/@pixi/runner/-/runner-6.2.1.tgz#ee2bc3554b7e77647139728cb17f1833c84b588c"
  integrity sha512-m3dB5b212WJ3wa7QGBY27NckHtQu1TR2FwtEeMyL0g0tSfCf1ve0Pegf39q9PQ4D1/C1j0n58JuKBqSf9oH66Q==

"@pixi/settings@6.2.1":
  version "6.2.1"
  resolved "https://registry.yarnpkg.com/@pixi/settings/-/settings-6.2.1.tgz#b13bb809fb5eaa8e1289f654a5c0a7080f195aa1"
  integrity sha512-GVgLgTdEMZDSEyly+yX+49MhVzEiSyJCHItAurLUVGLvi443AcRuK57mYVNDdTfOn2VRIvwW7FNgwdrzq58WWQ==
  dependencies:
    ismobilejs "^1.1.0"

"@pixi/sprite-animated@6.2.1":
  version "6.2.1"
  resolved "https://registry.yarnpkg.com/@pixi/sprite-animated/-/sprite-animated-6.2.1.tgz#29e81d86e282966bebde8e686012e4dc31f1b236"
  integrity sha512-puJtJFcHgyYuWf4EdFOVMFimtQsTxskNwI/CMw5HQBuz8dPB3aHensVGyv7mPzr0zpl7Ruzb6l+F5Y/G6jbugg==

"@pixi/sprite-tiling@6.2.1":
  version "6.2.1"
  resolved "https://registry.yarnpkg.com/@pixi/sprite-tiling/-/sprite-tiling-6.2.1.tgz#6c387de11bc75c3e38d459dfa3489fb228fcbc6f"
  integrity sha512-YPPqRRBp7JvQq1MjGU7IaKL+7WNeSsHNjUlQfawPR3XvNFLKb7zks1DvR09AziMm8u4h6/wfejFuRycqg/3gvQ==

"@pixi/sprite@6.2.1":
  version "6.2.1"
  resolved "https://registry.yarnpkg.com/@pixi/sprite/-/sprite-6.2.1.tgz#6c16afb64e169d90ec214dfbae726870a3eb4dc1"
  integrity sha512-NV4mS3vUcVgi9qKtY3SH/tf5goinCAJId3bmj76MAlBDNaE8wyu7bEcWLQFIHC59zxJCOd5D/iOmDqVKiOu4Dw==

"@pixi/spritesheet@6.2.1":
  version "6.2.1"
  resolved "https://registry.yarnpkg.com/@pixi/spritesheet/-/spritesheet-6.2.1.tgz#f39d1ab22ab41f7b3ae7eedaa1d947dc81071ba7"
  integrity sha512-mCJn3044/VX2Z0nGr+5brWR2F9akKzKAI4OBqmQU4mfiy7Q4+MM0Fgk9vHc7wKCuhUz//U7SmK6CdCqZknVaAA==

"@pixi/text-bitmap@6.2.1":
  version "6.2.1"
  resolved "https://registry.yarnpkg.com/@pixi/text-bitmap/-/text-bitmap-6.2.1.tgz#f3c86350ee7029107130c2ba6f8d66999710f22e"
  integrity sha512-fbOz1aTyXUu0+fuWVnL6eGu5WhpQlF83GM8CKBo2j4NqhxYnkIn4r5g2QSYXVAZ5PSeUjGO0o7lUKxZN0Wq2gg==

"@pixi/text@6.2.1":
  version "6.2.1"
  resolved "https://registry.yarnpkg.com/@pixi/text/-/text-6.2.1.tgz#1fdd68003d05db2102d6c11740c624d94fa9829d"
  integrity sha512-vTwXm6RVcSa4RXlqknxf1y7Q35fyOWIlERz3eb6STcoGFOwbXSjdIsAkamjKzbasfF0rSe910QHYxs2XWJ6ozA==

"@pixi/ticker@6.2.1":
  version "6.2.1"
  resolved "https://registry.yarnpkg.com/@pixi/ticker/-/ticker-6.2.1.tgz#55e55cb1135ca5630f3b2c402ad7e8ab2fb1fb4e"
  integrity sha512-J9UCTIJswM7HO76CtBpJAB+EMBxElmJ+JV9uTUQBGZVc6cmQI9JPPx1QcDWVkuF4qv1Keeh0Tjhnq8Sjc701AA==

"@pixi/utils@6.2.1":
  version "6.2.1"
  resolved "https://registry.yarnpkg.com/@pixi/utils/-/utils-6.2.1.tgz#6bc987b170e8452c2df79ec9abac8915722dc4ff"
  integrity sha512-aLOIzDZ6ccJ/DfGs9vldjWXn3RHpOMR26Bkr3aeynn/p1rdY3n2dzC8oKWwVb3gPQWmsEZJa8QuLvOiIwHqAJg==
  dependencies:
    "@types/earcut" "^2.1.0"
    earcut "^2.2.2"
    eventemitter3 "^3.1.0"
    url "^0.11.0"

"@types/earcut@^2.1.0":
  version "2.1.1"
  resolved "https://registry.yarnpkg.com/@types/earcut/-/earcut-2.1.1.tgz#573a0af609f17005c751f6f4ffec49cfe358ea51"
  integrity sha512-w8oigUCDjElRHRRrMvn/spybSMyX8MTkKA5Dv+tS1IE/TgmNZPqUYtvYBXGY8cieSE66gm+szeK+bnbxC2xHTQ==

ansi-styles@^4.1.0:
  version "4.3.0"
  resolved "https://registry.yarnpkg.com/ansi-styles/-/ansi-styles-4.3.0.tgz#edd803628ae71c04c85ae7a0906edad34b648937"
  integrity sha512-zbB9rCJAT1rbjiVDb2hqKFHNYLxgtk8NURxZ3IZwD3F6NtxbXZQCnnSi1Lkx+IDohdPlFp222wVALIheZJQSEg==
  dependencies:
    color-convert "^2.0.1"

async@^3.2.6:
  version "3.2.6"
  resolved "https://registry.yarnpkg.com/async/-/async-3.2.6.tgz#1b0728e14929d51b85b449b7f06e27c1145e38ce"
  integrity sha512-htCUDlxyyCLMgaM3xXg0C0LW2xqfuQ6p05pCEIsXuyQ+a1koYKTuBMzRNwmybfLgvJDMd0r1LTn4+E0Ti6C2AA==

basic-auth@^2.0.1:
  version "2.0.1"
  resolved "https://registry.yarnpkg.com/basic-auth/-/basic-auth-2.0.1.tgz#b998279bf47ce38344b4f3cf916d4679bbf51e3a"
  integrity sha512-NF+epuEdnUYVlGuhaxbbq+dvJttwLnGY+YixlXlME5KpQ5W3CnXA5cVTneY3SPbPDRkcjMbifrwmFYcClgOZeg==
  dependencies:
    safe-buffer "5.1.2"

call-bind-apply-helpers@^1.0.1, call-bind-apply-helpers@^1.0.2:
  version "1.0.2"
  resolved "https://registry.yarnpkg.com/call-bind-apply-helpers/-/call-bind-apply-helpers-1.0.2.tgz#4b5428c222be985d79c3d82657479dbe0b59b2d6"
  integrity sha512-Sp1ablJ0ivDkSzjcaJdxEunN5/XvksFJ2sMBFfq6x0ryhQV/2b/KwFe21cMpmHtPOSij8K99/wSfoEuTObmuMQ==
  dependencies:
    es-errors "^1.3.0"
    function-bind "^1.1.2"

call-bound@^1.0.2:
  version "1.0.4"
  resolved "https://registry.yarnpkg.com/call-bound/-/call-bound-1.0.4.tgz#238de935d2a2a692928c538c7ccfa91067fd062a"
  integrity sha512-+ys997U96po4Kx/ABpBCqhA9EuxJaQWDQg7295H4hBphv3IZg0boBKuwYpt4YXp6MZ5AmZQnU/tyMTlRpaSejg==
  dependencies:
    call-bind-apply-helpers "^1.0.2"
    get-intrinsic "^1.3.0"

chalk@^4.1.2:
  version "4.1.2"
  resolved "https://registry.yarnpkg.com/chalk/-/chalk-4.1.2.tgz#aac4e2b7734a740867aeb16bf02aad556a1e7a01"
  integrity sha512-oKnbhFyRIXpUuez8iBMmyEa4nbj4IOQyuhc/wy9kY7/WVPcwIO9VA668Pu8RkO7+0G76SLROeyw9CpQ061i4mA==
  dependencies:
    ansi-styles "^4.1.0"
    supports-color "^7.1.0"

color-convert@^2.0.1:
  version "2.0.1"
  resolved "https://registry.yarnpkg.com/color-convert/-/color-convert-2.0.1.tgz#72d3a68d598c9bdb3af2ad1e84f21d896abd4de3"
  integrity sha512-RRECPsj7iu/xb5oKYcsFHSppFNnsj/52OVTRKb4zP5onXwVF3zVmmToNcOfGC+CRDpfK/U584fMg38ZHCaElKQ==
  dependencies:
    color-name "~1.1.4"

color-name@~1.1.4:
  version "1.1.4"
  resolved "https://registry.yarnpkg.com/color-name/-/color-name-1.1.4.tgz#c2a09a87acbde69543de6f63fa3995c826c536a2"
  integrity sha512-dOy+3AuW3a2wNbZHIuMZpTcgjGuLU/uBL/ubcZF9OXbDo8ff4O8yVp5Bf0efS8uEoYo5q4Fx7dY9OgQGXgAsQA==

corser@^2.0.1:
  version "2.0.1"
  resolved "https://registry.yarnpkg.com/corser/-/corser-2.0.1.tgz#8eda252ecaab5840dcd975ceb90d9370c819ff87"
  integrity sha512-utCYNzRSQIZNPIcGZdQc92UVJYAhtGAteCFg0yRaFm8f0P+CPtyGyHXJcGXnffjCybUCEx3FQ2G7U3/o9eIkVQ==

debug@^4.3.6:
  version "4.4.3"
  resolved "https://registry.yarnpkg.com/debug/-/debug-4.4.3.tgz#c6ae432d9bd9662582fce08709b038c58e9e3d6a"
  integrity sha512-RGwwWnwQvkVfavKVt22FGLw+xYSdzARwm0ru6DhTVA3umU5hZc28V3kO4stgYryrTlLpuvgI9GiijltAjNbcqA==
  dependencies:
    ms "^2.1.3"

dunder-proto@^1.0.1:
  version "1.0.1"
  resolved "https://registry.yarnpkg.com/dunder-proto/-/dunder-proto-1.0.1.tgz#d7ae667e1dc83482f8b70fd0f6eefc50da30f58a"
  integrity sha512-KIN/nDJBQRcXw0MLVhZE9iQHmG68qAVIBg9CqmUYjmQIhgij9U5MFvrqkUL5FbtyyzZuOeOt0zdeRe4UY7ct+A==
  dependencies:
    call-bind-apply-helpers "^1.0.1"
    es-errors "^1.3.0"
    gopd "^1.2.0"

earcut@^2.2.2:
  version "2.2.3"
  resolved "https://registry.yarnpkg.com/earcut/-/earcut-2.2.3.tgz#d44ced2ff5a18859568e327dd9c7d46b16f55cf4"
  integrity sha512-iRDI1QeCQIhMCZk48DRDMVgQSSBDmbzzNhnxIo+pwx3swkfjMh6vh0nWLq1NdvGHLKH6wIrAM3vQWeTj6qeoug==

es-define-property@^1.0.1:
  version "1.0.1"
  resolved "https://registry.yarnpkg.com/es-define-property/-/es-define-property-1.0.1.tgz#983eb2f9a6724e9303f61addf011c72e09e0b0fa"
  integrity sha512-e3nRfgfUZ4rNGL232gUgX06QNyyez04KdjFrF+LTRoOXmrOgFKDg4BCdsjW8EnT69eqdYGmRpJwiPVYNrCaW3g==

es-errors@^1.3.0:
  version "1.3.0"
  resolved "https://registry.yarnpkg.com/es-errors/-/es-errors-1.3.0.tgz#05f75a25dab98e4fb1dcd5e1472c0546d5057c8f"
  integrity sha512-Zf5H2Kxt2xjTvbJvP2ZWLEICxA6j+hAmMzIlypy4xcBg1vKVnx89Wy0GbS+kf5cwCVFFzdCFh2XSCFNULS6csw==

es-object-atoms@^1.0.0, es-object-atoms@^1.1.1:
  version "1.1.2"
  resolved "https://registry.yarnpkg.com/es-object-atoms/-/es-object-atoms-1.1.2.tgz#a2d0b373205724dfa525d23b0c3e1b1ca582c99b"
  integrity sha512-HWcBoN6NileqtSydK2FqHbS/LoDd2pqrnQHLyJzBj4kOp/ky2MWMN694xOfkK8/SnUsW2DH7EfyVlydKCsm1Zw==
  dependencies:
    es-errors "^1.3.0"

eventemitter3@^3.1.0:
  version "3.1.2"
  resolved "https://registry.yarnpkg.com/eventemitter3/-/eventemitter3-3.1.2.tgz#2d3d48f9c346698fce83a85d7d664e98535df6e7"
  integrity sha512-tvtQIeLVHjDkJYnzf2dgVMxfuSGJeM/7UCG17TT4EumTfNtF+0nebF/4zWOIkCreAbtNqhGEboB6BWrwqNaw4Q==

eventemitter3@^4.0.0:
  version "4.0.7"
  resolved "https://registry.yarnpkg.com/eventemitter3/-/eventemitter3-4.0.7.tgz#2de9b68f6528d5644ef5c59526a1b4a07306169f"
  integrity sha512-8guHBZCwKnFhYdHr2ysuRWErTwhoN2X8XELRlrRwpmfeY2jjuUN4taQMsULKUVo1K4DvZl+0pgfyoysHxvmvEw==

follow-redirects@^1.0.0:
  version "1.16.0"
  resolved "https://registry.yarnpkg.com/follow-redirects/-/follow-redirects-1.16.0.tgz#28474a159d3b9d11ef62050a14ed60e4df6d61bc"
  integrity sha512-y5rN/uOsadFT/JfYwhxRS5R7Qce+g3zG97+JrtFZlC9klX/W5hD7iiLzScI4nZqUS7DNUdhPgw4xI8W2LuXlUw==

fontfaceobserver@^2.1.0:
  version "2.3.0"
  resolved "https://registry.yarnpkg.com/fontfaceobserver/-/fontfaceobserver-2.3.0.tgz#5fb392116e75d5024b7ec8e4f2ce92106d1488c8"
  integrity sha512-6FPvD/IVyT4ZlNe7Wcn5Fb/4ChigpucKYSvD6a+0iMoLn2inpo711eyIcKjmDtE5XNcgAkSH9uN/nfAeZzHEfg==

function-bind@^1.1.2:
  version "1.1.2"
  resolved "https://registry.yarnpkg.com/function-bind/-/function-bind-1.1.2.tgz#2c02d864d97f3ea6c8830c464cbd11ab6eab7a1c"
  integrity sha512-7XHNxH7qX9xG5mIwxkhumTox/MIRNcOgDrxWsMt2pAr23WHp6MrRlN7FBSFpCpr+oVO0F744iUgR82nJMfG2SA==

get-intrinsic@^1.2.5, get-intrinsic@^1.3.0:
  version "1.3.0"
  resolved "https://registry.yarnpkg.com/get-intrinsic/-/get-intrinsic-1.3.0.tgz#743f0e3b6964a93a5491ed1bffaae054d7f98d01"
  integrity sha512-9fSjSaos/fRIVIp+xSJlE6lfwhES7LNtKaCBIamHsjr2na1BiABJPo0mOjjz8GJDURarmCPGqaiVg5mfjb98CQ==
  dependencies:
    call-bind-apply-helpers "^1.0.2"
    es-define-property "^1.0.1"
    es-errors "^1.3.0"
    es-object-atoms "^1.1.1"
    function-bind "^1.1.2"
    get-proto "^1.0.1"
    gopd "^1.2.0"
    has-symbols "^1.1.0"
    hasown "^2.0.2"
    math-intrinsics "^1.1.0"

get-proto@^1.0.1:
  version "1.0.1"
  resolved "https://registry.yarnpkg.com/get-proto/-/get-proto-1.0.1.tgz#150b3f2743869ef3e851ec0c49d15b1d14d00ee1"
  integrity sha512-sTSfBjoXBp89JvIKIefqw7U2CCebsc74kiY6awiGogKtoSGbgjYE/G/+l9sF3MWFPNc9IcoOC4ODfKHfxFmp0g==
  dependencies:
    dunder-proto "^1.0.1"
    es-object-atoms "^1.0.0"

gopd@^1.2.0:
  version "1.2.0"
  resolved "https://registry.yarnpkg.com/gopd/-/gopd-1.2.0.tgz#89f56b8217bdbc8802bd299df6d7f1081d7e51a1"
  integrity sha512-ZUKRh6/kUFoAiTAtTYPZJ3hw9wNxx+BIBOijnlG9PnrJsCcSjs1wyyD6vJpaYtgnzDrKYRSqf3OO6Rfa93xsRg==

has-flag@^4.0.0:
  version "4.0.0"
  resolved "https://registry.yarnpkg.com/has-flag/-/has-flag-4.0.0.tgz#944771fd9c81c81265c4d6941860da06bb59479b"
  integrity sha512-EykJT/Q1KjTWctppgIAgfSO0tKVuZUjhgMr17kqTumMl6Afv3EISleU7qZUzoXDFTAHTDC4NOoG/ZxU3EvlMPQ==

has-symbols@^1.1.0:
  version "1.1.0"
  resolved "https://registry.yarnpkg.com/has-symbols/-/has-symbols-1.1.0.tgz#fc9c6a783a084951d0b971fe1018de813707a338"
  integrity sha512-1cDNdwJ2Jaohmb3sg4OmKaMBwuC48sYni5HUw2DvsC8LjGTLK9h+eb1X6RyuOHe4hT0ULCW68iomhjUoKUqlPQ==

hasown@^2.0.2:
  version "2.0.4"
  resolved "https://registry.yarnpkg.com/hasown/-/hasown-2.0.4.tgz#8c62d8cb90beb2aad5d0a5b67581ad9854c3f003"
  integrity sha512-T2UbfbBEF32wiepXIsMlTW9+dDYC6wMh/t/vYA4tuOMKqWz/n3vr1NFSxQiyP+zk2mXsoMA/i/7qV6LKut1t1A==
  dependencies:
    function-bind "^1.1.2"

he@^1.2.0:
  version "1.2.0"
  resolved "https://registry.yarnpkg.com/he/-/he-1.2.0.tgz#84ae65fa7eafb165fddb61566ae14baf05664f0f"
  integrity sha512-F/1DnUGPopORZi0ni+CvrCgHQ5FyEAHRLSApuYWMmrbSwoN2Mn/7k+Gl38gJnR7yyDZk6WLXwiGod1JOWNDKGw==

html-encoding-sniffer@^3.0.0:
  version "3.0.0"
  resolved "https://registry.yarnpkg.com/html-encoding-sniffer/-/html-encoding-sniffer-3.0.0.tgz#2cb1a8cf0db52414776e5b2a7a04d5dd98158de9"
  integrity sha512-oWv4T4yJ52iKrufjnyZPkrN0CH3QnrUqdB6In1g5Fe1mia8GmF36gnfNySxoZtxD5+NmYw1EElVXiBk93UeskA==
  dependencies:
    whatwg-encoding "^2.0.0"

http-proxy@^1.18.1:
  version "1.18.1"
  resolved "https://registry.yarnpkg.com/http-proxy/-/http-proxy-1.18.1.tgz#401541f0534884bbf95260334e72f88ee3976549"
  integrity sha512-7mz/721AbnJwIVbnaSv1Cz3Am0ZLT/UBwkC92VlxhXv/k/BBQfM2fXElQNC27BVGr0uwUpplYPQM9LnaBMR5NQ==
  dependencies:
    eventemitter3 "^4.0.0"
    follow-redirects "^1.0.0"
    requires-port "^1.0.0"

http-server@^14.0.0:
  version "14.1.1"
  resolved "https://registry.yarnpkg.com/http-server/-/http-server-14.1.1.tgz#d60fbb37d7c2fdff0f0fbff0d0ee6670bd285e2e"
  integrity sha512-+cbxadF40UXd9T01zUHgA+rlo2Bg1Srer4+B4NwIHdaGxAGGv59nYRnGGDJ9LBk7alpS0US+J+bLLdQOOkJq4A==
  dependencies:
    basic-auth "^2.0.1"
    chalk "^4.1.2"
    corser "^2.0.1"
    he "^1.2.0"
    html-encoding-sniffer "^3.0.0"
    http-proxy "^1.18.1"
    mime "^1.6.0"
    minimist "^1.2.6"
    opener "^1.5.1"
    portfinder "^1.0.28"
    secure-compare "3.0.1"
    union "~0.5.0"
    url-join "^4.0.1"

iconv-lite@0.6.3:
  version "0.6.3"
  resolved "https://registry.yarnpkg.com/iconv-lite/-/iconv-lite-0.6.3.tgz#a52f80bf38da1952eb5c681790719871a1a72501"
  integrity sha512-4fCk79wshMdzMp2rH06qWrJE4iolqLhCUH+OiuIgU++RB0+94NlDL81atO7GX55uUKueo0txHNtvEyI6D7WdMw==
  dependencies:
    safer-buffer ">= 2.1.2 < 3.0.0"

ismobilejs@^1.1.0:
  version "1.1.1"
  resolved "https://registry.yarnpkg.com/ismobilejs/-/ismobilejs-1.1.1.tgz#c56ca0ae8e52b24ca0f22ba5ef3215a2ddbbaa0e"
  integrity sha512-VaFW53yt8QO61k2WJui0dHf4SlL8lxBofUuUmwBo0ljPk0Drz2TiuDW4jo3wDcv41qy/SxrJ+VAzJ/qYqsmzRw==

lodash@^4.18.1:
  version "4.18.1"
  resolved "https://registry.yarnpkg.com/lodash/-/lodash-4.18.1.tgz#ff2b66c1f6326d59513de2407bf881439812771c"
  integrity sha512-dMInicTPVE8d1e5otfwmmjlxkZoUpiVLwyeTdUsi/Caj/gfzzblBcCE5sRHV/AsjuCmxWrte2TNGSYuCeCq+0Q==

math-intrinsics@^1.1.0:
  version "1.1.0"
  resolved "https://registry.yarnpkg.com/math-intrinsics/-/math-intrinsics-1.1.0.tgz#a0dd74be81e2aa5c2f27e65ce283605ee4e2b7f9"
  integrity sha512-/IXtbwEk5HTPyEwyKX6hGkYXxM9nbj64B+ilVJnC/R6B0pH5G4V3b0pVbL7DBj4tkhBAppbQUlf6F6Xl9LHu1g==

mime@^1.6.0:
  version "1.6.0"
  resolved "https://registry.yarnpkg.com/mime/-/mime-1.6.0.tgz#32cd9e5c64553bd58d19a568af452acff04981b1"
  integrity sha512-x0Vn8spI+wuJ1O6S7gnbaQg8Pxh4NNHb7KSINmEWKiPE4RKOplvijn+NkmYmmRgP68mc70j2EbeTFRsrswaQeg==

minimist@^1.2.6:
  version "1.2.8"
  resolved "https://registry.yarnpkg.com/minimist/-/minimist-1.2.8.tgz#c1a464e7693302e082a075cee0c057741ac4772c"
  integrity sha512-2yyAR8qBkN3YuheJanUpWC5U3bb5osDywNB8RzDVlDwDHbocAJveqqj1u8+SVD7jkWT4yvsHCpWqqWqAxb0zCA==

ms@^2.1.3:
  version "2.1.3"
  resolved "https://registry.yarnpkg.com/ms/-/ms-2.1.3.tgz#574c8138ce1d2b5861f0b44579dbadd60c6615b2"
  integrity sha512-6FlzubTLZG3J2a/NVCAleEhjzq5oxgHyaCU9yYXvcLsvoVaHJq/s5xXI6/XXP6tz7R9xAOtHnSO/tXtF3WRTlA==

object-assign@^4.1.1:
  version "4.1.1"
  resolved "https://registry.yarnpkg.com/object-assign/-/object-assign-4.1.1.tgz#2109adc7965887cfc05cbbd442cac8bfbb360863"
  integrity sha1-IQmtx5ZYh8/AXLvUQsrIv7s2CGM=

object-inspect@^1.13.3, object-inspect@^1.13.4:
  version "1.13.4"
  resolved "https://registry.yarnpkg.com/object-inspect/-/object-inspect-1.13.4.tgz#8375265e21bc20d0fa582c22e1b13485d6e00213"
  integrity sha512-W67iLl4J2EXEGTbfeHCffrjDfitvLANg0UlX3wFUUSTx92KXRFegMHUVgSqE+wvhAbi4WqjGg9czysTV2Epbew==

opener@^1.5.1:
  version "1.5.2"
  resolved "https://registry.yarnpkg.com/opener/-/opener-1.5.2.tgz#5d37e1f35077b9dcac4301372271afdeb2a13598"
  integrity sha512-ur5UIdyw5Y7yEj9wLzhqXiy6GZ3Mwx0yGI+5sMn2r0N0v3cKJvUmFH5yPP+WXh9e0xfyzyJX95D8l088DNFj7A==

pixi.js@^6.2.1:
  version "6.2.1"
  resolved "https://registry.yarnpkg.com/pixi.js/-/pixi.js-6.2.1.tgz#97361731cf20dfa9a403fae8f26f8a69c8a4dcd0"
  integrity sha512-oZaa4QAkzcYnXRBH3O8u2LuUVO6gTPKSZijZIYhv6+EDBULZvPxlOZf7jFQNpXVgKAXhptQmOytO1LnWMuK2Sg==
  dependencies:
    "@pixi/accessibility" "6.2.1"
    "@pixi/app" "6.2.1"
    "@pixi/compressed-textures" "6.2.1"
    "@pixi/constants" "6.2.1"
    "@pixi/core" "6.2.1"
    "@pixi/display" "6.2.1"
    "@pixi/extract" "6.2.1"
    "@pixi/filter-alpha" "6.2.1"
    "@pixi/filter-blur" "6.2.1"
    "@pixi/filter-color-matrix" "6.2.1"
    "@pixi/filter-displacement" "6.2.1"
    "@pixi/filter-fxaa" "6.2.1"
    "@pixi/filter-noise" "6.2.1"
    "@pixi/graphics" "6.2.1"
    "@pixi/interaction" "6.2.1"
    "@pixi/loaders" "6.2.1"
    "@pixi/math" "6.2.1"
    "@pixi/mesh" "6.2.1"
    "@pixi/mesh-extras" "6.2.1"
    "@pixi/mixin-cache-as-bitmap" "6.2.1"
    "@pixi/mixin-get-child-by-name" "6.2.1"
    "@pixi/mixin-get-global-position" "6.2.1"
    "@pixi/particle-container" "6.2.1"
    "@pixi/polyfill" "6.2.1"
    "@pixi/prepare" "6.2.1"
    "@pixi/runner" "6.2.1"
    "@pixi/settings" "6.2.1"
    "@pixi/sprite" "6.2.1"
    "@pixi/sprite-animated" "6.2.1"
    "@pixi/sprite-tiling" "6.2.1"
    "@pixi/spritesheet" "6.2.1"
    "@pixi/text" "6.2.1"
    "@pixi/text-bitmap" "6.2.1"
    "@pixi/ticker" "6.2.1"
    "@pixi/utils" "6.2.1"

portfinder@^1.0.28:
  version "1.0.38"
  resolved "https://registry.yarnpkg.com/portfinder/-/portfinder-1.0.38.tgz#e4fb3a2d888b20d2977da050e48ab5e1f57a185e"
  integrity sha512-rEwq/ZHlJIKw++XtLAO8PPuOQA/zaPJOZJ37BVuN97nLpMJeuDVLVGRwbFoBgLudgdTMP2hdRJP++H+8QOA3vg==
  dependencies:
    async "^3.2.6"
    debug "^4.3.6"

promise-polyfill@^8.2.0:
  version "8.2.1"
  resolved "https://registry.yarnpkg.com/promise-polyfill/-/promise-polyfill-8.2.1.tgz#1fa955b325bee4f6b8a4311e18148d4e5b46d254"
  integrity sha512-3p9zj0cEHbp7NVUxEYUWjQlffXqnXaZIMPkAO7HhFh8u5636xLRDHOUo2vpWSK0T2mqm6fKLXYn1KP6PAZ2gKg==

punycode@1.3.2:
  version "1.3.2"
  resolved "https://registry.yarnpkg.com/punycode/-/punycode-1.3.2.tgz#9653a036fb7c1ee42342f2325cceefea3926c48d"
  integrity sha1-llOgNvt8HuQjQvIyXM7v6jkmxI0=

qs@^6.4.0:
  version "6.15.3"
  resolved "https://registry.yarnpkg.com/qs/-/qs-6.15.3.tgz#76852132a58ed5c7c0ef67e4441b9bb5d6061b3b"
  integrity sha512-O9gl3zCl5h5blw1KGUzQKhA5oUXSl8rwUIM5o0S3nCXMliSvy5Dzx7/DJcI+SwgICv+IneSZwhBh1oSyEHA71A==
  dependencies:
    es-define-property "^1.0.1"
    side-channel "^1.1.1"

querystring@0.2.0:
  version "0.2.0"
  resolved "https://registry.yarnpkg.com/querystring/-/querystring-0.2.0.tgz#b209849203bb25df820da756e747005878521620"
  integrity sha1-sgmEkgO7Jd+CDadW50cAWHhSFiA=

requires-port@^1.0.0:
  version "1.0.0"
  resolved "https://registry.yarnpkg.com/requires-port/-/requires-port-1.0.0.tgz#925d2601d39ac485e091cf0da5c6e694dc3dcaff"
  integrity sha512-KigOCHcocU3XODJxsu8i/j8T9tzT4adHiecwORRQ0ZZFcp7ahwXuRU1m+yuO90C5ZUyGeGfocHDI14M3L3yDAQ==

safe-buffer@5.1.2:
  version "5.1.2"
  resolved "https://registry.yarnpkg.com/safe-buffer/-/safe-buffer-5.1.2.tgz#991ec69d296e0313747d59bdfd2b745c35f8828d"
  integrity sha512-Gd2UZBJDkXlY7GbJxfsE8/nvKkUEU1G38c1siN6QP6a9PT9MmHB8GnpscSmMJSoF8LOIrt8ud/wPtojys4G6+g==

"safer-buffer@>= 2.1.2 < 3.0.0":
  version "2.1.2"
  resolved "https://registry.yarnpkg.com/safer-buffer/-/safer-buffer-2.1.2.tgz#44fa161b0187b9549dd84bb91802f9bd8385cd6a"
  integrity sha512-YZo3K82SD7Riyi0E1EQPojLz7kpepnSQI9IyPbHHg1XXXevb5dJI7tpyN2ADxGcQbHG7vcyRHk0cbwqcQriUtg==

secure-compare@3.0.1:
  version "3.0.1"
  resolved "https://registry.yarnpkg.com/secure-compare/-/secure-compare-3.0.1.tgz#f1a0329b308b221fae37b9974f3d578d0ca999e3"
  integrity sha512-AckIIV90rPDcBcglUwXPF3kg0P0qmPsPXAj6BBEENQE1p5yA1xfmDJzfi1Tappj37Pv2mVbKpL3Z1T+Nn7k1Qw==

side-channel-list@^1.0.1:
  version "1.0.1"
  resolved "https://registry.yarnpkg.com/side-channel-list/-/side-channel-list-1.0.1.tgz#c2e0b5a14a540aebee3bbc6c3f8666cc9b509127"
  integrity sha512-mjn/0bi/oUURjc5Xl7IaWi/OJJJumuoJFQJfDDyO46+hBWsfaVM65TBHq2eoZBhzl9EchxOijpkbRC8SVBQU0w==
  dependencies:
    es-errors "^1.3.0"
    object-inspect "^1.13.4"

side-channel-map@^1.0.1:
  version "1.0.1"
  resolved "https://registry.yarnpkg.com/side-channel-map/-/side-channel-map-1.0.1.tgz#d6bb6b37902c6fef5174e5f533fab4c732a26f42"
  integrity sha512-VCjCNfgMsby3tTdo02nbjtM/ewra6jPHmpThenkTYh8pG9ucZ/1P8So4u4FGBek/BjpOVsDCMoLA/iuBKIFXRA==
  dependencies:
    call-bound "^1.0.2"
    es-errors "^1.3.0"
    get-intrinsic "^1.2.5"
    object-inspect "^1.13.3"

side-channel-weakmap@^1.0.2:
  version "1.0.2"
  resolved "https://registry.yarnpkg.com/side-channel-weakmap/-/side-channel-weakmap-1.0.2.tgz#11dda19d5368e40ce9ec2bdc1fb0ecbc0790ecea"
  integrity sha512-WPS/HvHQTYnHisLo9McqBHOJk2FkHO/tlpvldyrnem4aeQp4hai3gythswg6p01oSoTl58rcpiFAjF2br2Ak2A==
  dependencies:
    call-bound "^1.0.2"
    es-errors "^1.3.0"
    get-intrinsic "^1.2.5"
    object-inspect "^1.13.3"
    side-channel-map "^1.0.1"

side-channel@^1.1.1:
  version "1.1.1"
  resolved "https://registry.yarnpkg.com/side-channel/-/side-channel-1.1.1.tgz#ea02c62e05dc4bea67d4442f0fb71ee192f8e0ab"
  integrity sha512-6x6dK6zJdpTzF4sQeNYxwtvBzf6Eg4GtlesS94HOvTudUeyK2WXAaIfmDgsyslYrRBeFIlsi54AYsFGUuhmvrQ==
  dependencies:
    es-errors "^1.3.0"
    object-inspect "^1.13.4"
    side-channel-list "^1.0.1"
    side-channel-map "^1.0.1"
    side-channel-weakmap "^1.0.2"

supports-color@^7.1.0:
  version "7.2.0"
  resolved "https://registry.yarnpkg.com/supports-color/-/supports-color-7.2.0.tgz#1b7dcdcb32b8138801b3e478ba6a51caa89648da"
  integrity sha512-qpCAvRl9stuOHveKsn7HncJRvv501qIacKzQlO/+Lwxc9+0q2wLyv4Dfvt80/DPn2pqOBsJdDiogXGR9+OvwRw==
  dependencies:
    has-flag "^4.0.0"

union@~0.5.0:
  version "0.5.0"
  resolved "https://registry.yarnpkg.com/union/-/union-0.5.0.tgz#b2c11be84f60538537b846edb9ba266ba0090075"
  integrity sha512-N6uOhuW6zO95P3Mel2I2zMsbsanvvtgn6jVqJv4vbVcz/JN0OkL9suomjQGmWtxJQXOCqUJvquc1sMeNz/IwlA==
  dependencies:
    qs "^6.4.0"

url-join@^4.0.1:
  version "4.0.1"
  resolved "https://registry.yarnpkg.com/url-join/-/url-join-4.0.1.tgz#b642e21a2646808ffa178c4c5fda39844e12cde7"
  integrity sha512-jk1+QP6ZJqyOiuEI9AEWQfju/nB2Pw466kbA0LEZljHwKeMgd9WrAEgEGxjPDD2+TNbbb37rTyhEfrCXfuKXnA==

url@^0.11.0:
  version "0.11.0"
  resolved "https://registry.yarnpkg.com/url/-/url-0.11.0.tgz#3838e97cfc60521eb73c525a8e55bfdd9e2e28f1"
  integrity sha1-ODjpfPxgUh63PFJajlW/3Z4uKPE=
  dependencies:
    punycode "1.3.2"
    querystring "0.2.0"

whatwg-encoding@^2.0.0:
  version "2.0.0"
  resolved "https://registry.yarnpkg.com/whatwg-encoding/-/whatwg-encoding-2.0.0.tgz#e7635f597fd87020858626805a2729fa7698ac53"
  integrity sha512-p41ogyeMUrw3jWclHWTQg1k05DSVXPLcVxRTYsXUk+ZooOCZLcoYgPZ/HL/D/N+uQPOtcp1me1WhBEaX02mhWg==
  dependencies:
    iconv-lite "0.6.3"
